{
    "compile": {
        "org.jetbrains.kotlin:kotlin-stdlib-jre7": {
            "locked": "1.1.0",
            "requested": "1.1.0"
        }
    },
    "compileClasspath": {
        "org.jetbrains.kotlin:kotlin-stdlib-jre7": {
            "locked": "1.1.0",
            "requested": "1.1.0"
        }
    },
    "default": {
        "org.jetbrains.kotlin:kotlin-stdlib-jre7": {
            "locked": "1.1.0",
            "requested": "1.1.0"
        }
    },
    "integTestCompile": {
        "com.netflix.nebula:nebula-test": {
            "locked": "6.1.1",
            "requested": "6.+"
        },
        "org.jetbrains.kotlin:kotlin-stdlib-jre7": {
            "locked": "1.1.0",
            "requested": "1.1.0"
        }
    },
    "integTestCompileClasspath": {
        "com.netflix.nebula:nebula-test": {
            "locked": "6.1.1",
            "requested": "6.+"
        },
        "org.jetbrains.kotlin:kotlin-stdlib-jre7": {
            "locked": "1.1.0",
            "requested": "1.1.0"
        }
    },
    "integTestRuntime": {
        "com.netflix.nebula:nebula-test": {
            "locked": "6.1.1",
            "requested": "6.+"
        },
        "org.jetbrains.kotlin:kotlin-stdlib-jre7": {
            "locked": "1.1.0",
            "requested": "1.1.0"
        }
    },
    "integTestRuntimeClasspath": {
        "com.netflix.nebula:nebula-test": {
            "locked": "6.1.1",
            "requested": "6.+"
        },
        "org.jetbrains.kotlin:kotlin-stdlib-jre7": {
            "locked": "1.1.0",
            "requested": "1.1.0"
        }
    },
    "jacocoAgent": {
        "org.jacoco:org.jacoco.agent": {
            "locked": "0.7.8"
        }
    },
    "jacocoAnt": {
        "org.jacoco:org.jacoco.ant": {
            "locked": "0.7.8"
        }
    },
    "kapt": {
        "org.jetbrains.kotlin:kotlin-annotation-processing": {
            "locked": "1.1.0",
            "requested": "1.1.0"
        }
    },
    "kaptIntegTest": {
        "org.jetbrains.kotlin:kotlin-annotation-processing": {
            "locked": "1.1.0",
            "requested": "1.1.0"
        }
    },
    "kaptTest": {
        "org.jetbrains.kotlin:kotlin-annotation-processing": {
            "locked": "1.1.0",
            "requested": "1.1.0"
        }
    },
    "runtime": {
        "org.jetbrains.kotlin:kotlin-stdlib-jre7": {
            "locked": "1.1.0",
            "requested": "1.1.0"
        }
    },
    "runtimeClasspath": {
        "org.jetbrains.kotlin:kotlin-stdlib-jre7": {
            "locked": "1.1.0",
            "requested": "1.1.0"
        }
    },
    "testCompile": {
        "com.netflix.nebula:nebula-test": {
            "locked": "6.1.1",
            "requested": "6.+"
        },
        "org.jetbrains.kotlin:kotlin-stdlib-jre7": {
            "locked": "1.1.0",
            "requested": "1.1.0"
        }
    },
    "testCompileClasspath": {
        "com.netflix.nebula:nebula-test": {
            "locked": "6.1.1",
            "requested": "6.+"
        },
        "org.jetbrains.kotlin:kotlin-stdlib-jre7": {
            "locked": "1.1.0",
            "requested": "1.1.0"
        }
    },
    "testRuntime": {
        "com.netflix.nebula:nebula-test": {
            "locked": "6.1.1",
            "requested": "6.+"
        },
        "org.jetbrains.kotlin:kotlin-stdlib-jre7": {
            "locked": "1.1.0",
            "requested": "1.1.0"
        }
    },
    "testRuntimeClasspath": {
        "com.netflix.nebula:nebula-test": {
            "locked": "6.1.1",
            "requested": "6.+"
        },
        "org.jetbrains.kotlin:kotlin-stdlib-jre7": {
            "locked": "1.1.0",
            "requested": "1.1.0"
        }
    }
}